
Microsoft Visual Studio Solution File, Format Version 12.00
# Visual Studio 2012
Project("{FAE04EC0-301F-11D3-BF4B-00C04F79EFBC}") = "IBuySpy", "IBuySpy\IBuySpy.csproj", "{5068CA32-2C0E-42C0-83F7-52F8E44CAD78}"
EndProject
Global
	GlobalSection(SolutionConfigurationPlatforms) = preSolution
		Debug|Any CPU = Debug|Any CPU
		Release|Any CPU = Release|Any CPU
	EndGlobalSection
	GlobalSection(ProjectConfigurationPlatforms) = postSolution
		{5068CA32-2C0E-42C0-83F7-52F8E44CAD78}.Debug|Any CPU.ActiveCfg = Debug|Any CPU
		{5068CA32-2C0E-42C0-83F7-52F8E44CAD78}.Debug|Any CPU.Build.0 = Debug|Any CPU
		{5068CA32-2C0E-42C0-83F7-52F8E44CAD78}.Release|Any CPU.ActiveCfg = Release|Any CPU
		{5068CA32-2C0E-42C0-83F7-52F8E44CAD78}.Release|Any CPU.Build.0 = Release|Any CPU
	EndGlobalSection
	GlobalSection(SolutionProperties) = preSolution
		HideSolutionNode = FALSE
	EndGlobalSection
EndGlobal
